<?xml version="1.0" encoding="UTF-8" standalone="yes" ?>
<CodeBlocks_project_file>
	<FileVersion major="1" minor="6" />
	<Project>
		<Option title="Make Splash" />
		<Option pch_mode="2" />
		<Option compiler="gcc" />
		<Build>
			<Target title="Debug">
				<Option output="bin/Debug/Make Splash" prefix_auto="1" extension_auto="1" />
				<Option object_output="obj/Debug/" />
				<Option type="1" />
				<Option compiler="gcc" />
				<Option parameters="/l \MS.conf /r /c" />
				<Compiler>
					<Add option="-g" />
					<Add option="-Ddebug" />
				</Compiler>
			</Target>
			<Target title="Release">
				<Option output="bin/Release/Make Splash" prefix_auto="1" extension_auto="1" />
				<Option object_output="obj/Release/" />
				<Option type="0" />
				<Option compiler="gcc" />
				<Compiler>
					<Add option="-O2" />
				</Compiler>
				<Linker>
					<Add option="-s" />
				</Linker>
			</Target>
		</Build>
		<Compiler>
			<Add option="-Wall" />
			<Add option="-DWINVER=0x600" />
		</Compiler>
		<Linker>
			<Add option="-static-libgcc" />
			<Add option="-static-libstdc++" />
			<Add library="gdi32" />
			<Add library="user32" />
			<Add library="kernel32" />
			<Add library="comctl32" />
		</Linker>
		<Unit filename="../libs/libxml2/tinyxml2.cpp" />
		<Unit filename="../libs/libxml2/tinyxml2.h" />
		<Unit filename="../share/class/_comdlg32.cpp" />
		<Unit filename="../share/class/_comdlg32.h" />
		<Unit filename="../share/class/button.cpp" />
		<Unit filename="../share/class/button.h" />
		<Unit filename="../share/class/buttonicon.cpp" />
		<Unit filename="../share/class/buttonicon.h" />
		<Unit filename="../share/class/collection.cpp" />
		<Unit filename="../share/class/collection.h" />
		<Unit filename="../share/class/controlcollections.cpp" />
		<Unit filename="../share/class/controlcollections.h" />
		<Unit filename="../share/class/dropdownlist.cpp" />
		<Unit filename="../share/class/dropdownlist.h" />
		<Unit filename="../share/class/edit.cpp" />
		<Unit filename="../share/class/edit.h" />
		<Unit filename="../share/class/fileedit.cpp" />
		<Unit filename="../share/class/fileedit.h" />
		<Unit filename="../share/class/fileedits.cpp" />
		<Unit filename="../share/class/fileedits.h" />
		<Unit filename="../share/class/font.cpp" />
		<Unit filename="../share/class/font.h" />
		<Unit filename="../share/class/initcontrols.cpp" />
		<Unit filename="../share/class/initcontrols.h" />
		<Unit filename="../share/class/language.cpp" />
		<Unit filename="../share/class/language.h" />
		<Unit filename="../share/class/languagebox.cpp" />
		<Unit filename="../share/class/languagebox.h" />
		<Unit filename="../share/class/languagefile.cpp" />
		<Unit filename="../share/class/languagefile.h" />
		<Unit filename="../share/class/menu.cpp" />
		<Unit filename="../share/class/menu.h" />
		<Unit filename="../share/class/page.cpp" />
		<Unit filename="../share/class/page.h" />
		<Unit filename="../share/class/pages.cpp" />
		<Unit filename="../share/class/pages.h" />
		<Unit filename="../share/class/progress.cpp" />
		<Unit filename="../share/class/progress.h" />
		<Unit filename="../share/class/staticlabel.cpp" />
		<Unit filename="../share/class/staticlabel.h" />
		<Unit filename="../share/class/systemdefault.cpp" />
		<Unit filename="../share/class/systemdefault.h" />
		<Unit filename="../share/tools.cpp" />
		<Unit filename="../share/tools.h" />
		<Unit filename="LoadSave.cpp" />
		<Unit filename="LoadSave.h" />
		<Unit filename="class/setupfile.cpp" />
		<Unit filename="class/setupfile.h" />
		<Unit filename="init.cpp" />
		<Unit filename="init.h" />
		<Unit filename="lang/de_DE.xml" />
		<Unit filename="lang/en_EN.xml" />
		<Unit filename="main.cpp" />
		<Unit filename="manifest.xml" />
		<Unit filename="resource.h" />
		<Unit filename="resource.rc">
			<Option compilerVar="WINDRES" />
		</Unit>
		<Unit filename="run.cpp" />
		<Unit filename="run.h" />
		<Unit filename="splashwin.cpp" />
		<Unit filename="splashwin.h" />
		<Unit filename="timer.cpp" />
		<Unit filename="timer.h" />
		<Extensions>
			<code_completion />
			<envvars />
			<debugger />
			<lib_finder disable_auto="1" />
		</Extensions>
	</Project>
</CodeBlocks_project_file>
